
Microsoft Visual Studio Solution File, Format Version 12.00
# Visual Studio Version 17
VisualStudioVersion = 17.7.34024.191
MinimumVisualStudioVersion = 10.0.40219.1
Project("{FAE04EC0-301F-11D3-BF4B-00C04F79EFBC}") = "ChartExamples", "ChartExamples\ChartExamples.csproj", "{5FCE2A63-EDB8-4C9E-91C8-1F183A15CCFF}"
EndProject
Global
	GlobalSection(SolutionConfigurationPlatforms) = preSolution
		Debug|Any CPU = Debug|Any CPU
		Debug|x64 = Debug|x64
		Release|Any CPU = Release|Any CPU
		Release|x64 = Release|x64
	EndGlobalSection
	GlobalSection(ProjectConfigurationPlatforms) = postSolution
		{5FCE2A63-EDB8-4C9E-91C8-1F183A15CCFF}.Debug|Any CPU.ActiveCfg = Debug|Any CPU
		{5FCE2A63-EDB8-4C9E-91C8-1F183A15CCFF}.Debug|Any CPU.Build.0 = Debug|Any CPU
		{5FCE2A63-EDB8-4C9E-91C8-1F183A15CCFF}.Debug|x64.ActiveCfg = Debug|x64
		{5FCE2A63-EDB8-4C9E-91C8-1F183A15CCFF}.Debug|x64.Build.0 = Debug|x64
		{5FCE2A63-EDB8-4C9E-91C8-1F183A15CCFF}.Release|Any CPU.ActiveCfg = Release|Any CPU
		{5FCE2A63-EDB8-4C9E-91C8-1F183A15CCFF}.Release|Any CPU.Build.0 = Release|Any CPU
		{5FCE2A63-EDB8-4C9E-91C8-1F183A15CCFF}.Release|x64.ActiveCfg = Release|x64
		{5FCE2A63-EDB8-4C9E-91C8-1F183A15CCFF}.Release|x64.Build.0 = Release|x64
	EndGlobalSection
	GlobalSection(SolutionProperties) = preSolution
		HideSolutionNode = FALSE
	EndGlobalSection
	GlobalSection(ExtensibilityGlobals) = postSolution
		SolutionGuid = {5289ADDC-5E10-49FF-9F4C-3B659F98E385}
	EndGlobalSection
EndGlobal
